
Microsoft Visual Studio Solution File, Format Version 12.00
# Visual Studio 15
VisualStudioVersion = 15.0.28307.1062
MinimumVisualStudioVersion = 10.0.40219.1
Project("{FAE04EC0-301F-11D3-BF4B-00C04F79EFBC}") = "Standby_Chadha_HFAISSI", "Standby_Chadha_HFAISSI\Standby_Chadha_HFAISSI.csproj", "{03D7BFCA-7A11-474B-868F-D191AB581CF6}"
EndProject
Global
	GlobalSection(SolutionConfigurationPlatforms) = preSolution
		Debug|Any CPU = Debug|Any CPU
		Release|Any CPU = Release|Any CPU
	EndGlobalSection
	GlobalSection(ProjectConfigurationPlatforms) = postSolution
		{03D7BFCA-7A11-474B-868F-D191AB581CF6}.Debug|Any CPU.ActiveCfg = Debug|Any CPU
		{03D7BFCA-7A11-474B-868F-D191AB581CF6}.Debug|Any CPU.Build.0 = Debug|Any CPU
		{03D7BFCA-7A11-474B-868F-D191AB581CF6}.Release|Any CPU.ActiveCfg = Release|Any CPU
		{03D7BFCA-7A11-474B-868F-D191AB581CF6}.Release|Any CPU.Build.0 = Release|Any CPU
	EndGlobalSection
	GlobalSection(SolutionProperties) = preSolution
		HideSolutionNode = FALSE
	EndGlobalSection
	GlobalSection(ExtensibilityGlobals) = postSolution
		SolutionGuid = {43107151-7DB8-433C-A0EC-E8BA3730B177}
	EndGlobalSection
EndGlobal
